
Microsoft Visual Studio Solution File, Format Version 12.00
Project("{FAE04EC0-301F-11D3-BF4B-00C04F79EFBC}") = "GameUtils", "GameUtils\GameUtils.csproj", "{F4188FB0-F3C9-4EC4-A274-E41BB305B993}"
EndProject
Project("{FAE04EC0-301F-11D3-BF4B-00C04F79EFBC}") = "Blackjack", "Blackjack\Blackjack.csproj", "{4B0C015F-CE61-4D83-BAFD-67C65DD1AA61}"
EndProject
Project("{FAE04EC0-301F-11D3-BF4B-00C04F79EFBC}") = "SimpleCardGame", "SimpleCardGame\SimpleCardGame.csproj", "{D963B0F9-F4F5-4CEC-8577-A3A8DAE915DE}"
EndProject
Project("{FAE04EC0-301F-11D3-BF4B-00C04F79EFBC}") = "GameOfWar", "GameOfWar\GameOfWar.csproj", "{664623B6-4CF6-4CCB-A223-E1DDAD18101C}"
EndProject
Global
	GlobalSection(SolutionConfigurationPlatforms) = preSolution
		Debug|Any CPU = Debug|Any CPU
		Release|Any CPU = Release|Any CPU
	EndGlobalSection
	GlobalSection(ProjectConfigurationPlatforms) = postSolution
		{F4188FB0-F3C9-4EC4-A274-E41BB305B993}.Debug|Any CPU.ActiveCfg = Debug|Any CPU
		{F4188FB0-F3C9-4EC4-A274-E41BB305B993}.Debug|Any CPU.Build.0 = Debug|Any CPU
		{F4188FB0-F3C9-4EC4-A274-E41BB305B993}.Release|Any CPU.ActiveCfg = Release|Any CPU
		{F4188FB0-F3C9-4EC4-A274-E41BB305B993}.Release|Any CPU.Build.0 = Release|Any CPU
		{4B0C015F-CE61-4D83-BAFD-67C65DD1AA61}.Debug|Any CPU.ActiveCfg = Debug|Any CPU
		{4B0C015F-CE61-4D83-BAFD-67C65DD1AA61}.Debug|Any CPU.Build.0 = Debug|Any CPU
		{4B0C015F-CE61-4D83-BAFD-67C65DD1AA61}.Release|Any CPU.ActiveCfg = Release|Any CPU
		{4B0C015F-CE61-4D83-BAFD-67C65DD1AA61}.Release|Any CPU.Build.0 = Release|Any CPU
		{D963B0F9-F4F5-4CEC-8577-A3A8DAE915DE}.Debug|Any CPU.ActiveCfg = Debug|Any CPU
		{D963B0F9-F4F5-4CEC-8577-A3A8DAE915DE}.Debug|Any CPU.Build.0 = Debug|Any CPU
		{D963B0F9-F4F5-4CEC-8577-A3A8DAE915DE}.Release|Any CPU.ActiveCfg = Release|Any CPU
		{D963B0F9-F4F5-4CEC-8577-A3A8DAE915DE}.Release|Any CPU.Build.0 = Release|Any CPU
		{664623B6-4CF6-4CCB-A223-E1DDAD18101C}.Debug|Any CPU.ActiveCfg = Debug|Any CPU
		{664623B6-4CF6-4CCB-A223-E1DDAD18101C}.Debug|Any CPU.Build.0 = Debug|Any CPU
		{664623B6-4CF6-4CCB-A223-E1DDAD18101C}.Release|Any CPU.ActiveCfg = Release|Any CPU
		{664623B6-4CF6-4CCB-A223-E1DDAD18101C}.Release|Any CPU.Build.0 = Release|Any CPU
	EndGlobalSection
EndGlobal
